
Microsoft Visual Studio Solution File, Format Version 12.00
# Visual Studio Version 17
VisualStudioVersion = 17.12.35514.174
MinimumVisualStudioVersion = 10.0.40219.1
Project("{FAE04EC0-301F-11D3-BF4B-00C04F79EFBC}") = "DataAccess", "src\DataAccess\DataAccess.csproj", "{986AC37F-8105-4840-A7DC-3EBBB934B1ED}"
EndProject
Project("{FAE04EC0-301F-11D3-BF4B-00C04F79EFBC}") = "EmpleadosWebSiteExample", "src\EmpleadosWebSiteExample\EmpleadosWebSiteExample.csproj", "{6974FE99-510D-4B2C-AC40-A1CDB4BA7E7C}"
EndProject
Global
	GlobalSection(SolutionConfigurationPlatforms) = preSolution
		Debug|Any CPU = Debug|Any CPU
		Release|Any CPU = Release|Any CPU
	EndGlobalSection
	GlobalSection(ProjectConfigurationPlatforms) = postSolution
		{986AC37F-8105-4840-A7DC-3EBBB934B1ED}.Debug|Any CPU.ActiveCfg = Debug|Any CPU
		{986AC37F-8105-4840-A7DC-3EBBB934B1ED}.Debug|Any CPU.Build.0 = Debug|Any CPU
		{986AC37F-8105-4840-A7DC-3EBBB934B1ED}.Release|Any CPU.ActiveCfg = Release|Any CPU
		{986AC37F-8105-4840-A7DC-3EBBB934B1ED}.Release|Any CPU.Build.0 = Release|Any CPU
		{6974FE99-510D-4B2C-AC40-A1CDB4BA7E7C}.Debug|Any CPU.ActiveCfg = Debug|Any CPU
		{6974FE99-510D-4B2C-AC40-A1CDB4BA7E7C}.Debug|Any CPU.Build.0 = Debug|Any CPU
		{6974FE99-510D-4B2C-AC40-A1CDB4BA7E7C}.Release|Any CPU.ActiveCfg = Release|Any CPU
		{6974FE99-510D-4B2C-AC40-A1CDB4BA7E7C}.Release|Any CPU.Build.0 = Release|Any CPU
	EndGlobalSection
	GlobalSection(SolutionProperties) = preSolution
		HideSolutionNode = FALSE
	EndGlobalSection
EndGlobal
