
Microsoft Visual Studio Solution File, Format Version 12.00
# Visual Studio Version 17
VisualStudioVersion = 17.12.35514.174
MinimumVisualStudioVersion = 10.0.40219.1
Project("{FAE04EC0-301F-11D3-BF4B-00C04F79EFBC}") = "EFDataAccess", "EFDataAccess\EFDataAccess.csproj", "{37D05073-E769-47CB-A6D4-FBFA85F3808C}"
EndProject
Project("{FAE04EC0-301F-11D3-BF4B-00C04F79EFBC}") = "EmployeesAspNetCoreRazorPagesWebApp", "EmployeesAspNetCoreRazorPagesWebApp\EmployeesAspNetCoreRazorPagesWebApp.csproj", "{44CA96A7-B653-4FAD-9281-3058420C1FF2}"
EndProject
Global
	GlobalSection(SolutionConfigurationPlatforms) = preSolution
		Debug|Any CPU = Debug|Any CPU
		Release|Any CPU = Release|Any CPU
	EndGlobalSection
	GlobalSection(ProjectConfigurationPlatforms) = postSolution
		{37D05073-E769-47CB-A6D4-FBFA85F3808C}.Debug|Any CPU.ActiveCfg = Debug|Any CPU
		{37D05073-E769-47CB-A6D4-FBFA85F3808C}.Debug|Any CPU.Build.0 = Debug|Any CPU
		{37D05073-E769-47CB-A6D4-FBFA85F3808C}.Release|Any CPU.ActiveCfg = Release|Any CPU
		{37D05073-E769-47CB-A6D4-FBFA85F3808C}.Release|Any CPU.Build.0 = Release|Any CPU
		{44CA96A7-B653-4FAD-9281-3058420C1FF2}.Debug|Any CPU.ActiveCfg = Debug|Any CPU
		{44CA96A7-B653-4FAD-9281-3058420C1FF2}.Debug|Any CPU.Build.0 = Debug|Any CPU
		{44CA96A7-B653-4FAD-9281-3058420C1FF2}.Release|Any CPU.ActiveCfg = Release|Any CPU
		{44CA96A7-B653-4FAD-9281-3058420C1FF2}.Release|Any CPU.Build.0 = Release|Any CPU
	EndGlobalSection
	GlobalSection(SolutionProperties) = preSolution
		HideSolutionNode = FALSE
	EndGlobalSection
EndGlobal
